
Microsoft Visual Studio Solution File, Format Version 12.00
# Visual Studio 15
VisualStudioVersion = 15.0.27130.2036
MinimumVisualStudioVersion = 10.0.40219.1
Project("{FAE04EC0-301F-11D3-BF4B-00C04F79EFBC}") = "Admin.OnlineTestApp.UI", "OnlineTestApp.UI\Admin.OnlineTestApp.UI.csproj", "{9B12DCC8-EB05-4054-B58B-839B5B4D7EE9}"
EndProject
Project("{2150E333-8FDC-42A3-9474-1A3956D46DE8}") = "Presentation Layer", "Presentation Layer", "{80F80928-F080-4597-AFFE-3C4BD80AD497}"
EndProject
Project("{2150E333-8FDC-42A3-9474-1A3956D46DE8}") = "Utilities and External Interface Libraries", "Utilities and External Interface Libraries", "{C5217CD4-9395-4919-9A0B-611B33B25732}"
EndProject
Project("{FAE04EC0-301F-11D3-BF4B-00C04F79EFBC}") = "Utilities.Conversion", "Utilities.Conversion\Utilities.Conversion.csproj", "{67F4D2F5-B9DB-4F6B-B03F-FD389C116F15}"
EndProject
Project("{FAE04EC0-301F-11D3-BF4B-00C04F79EFBC}") = "Utilities.EmailSender", "Utilities.EmailSender\Utilities.EmailSender.csproj", "{6C2BDE55-09F8-49F8-AA32-6AD4F38218B3}"
EndProject
Project("{FAE04EC0-301F-11D3-BF4B-00C04F79EFBC}") = "Utilities.Encryption", "Utilities.Encryption\Utilities.Encryption.csproj", "{9C39781E-7601-4E58-BFEE-2EB4C74011B0}"
EndProject
Project("{FAE04EC0-301F-11D3-BF4B-00C04F79EFBC}") = "Utilities.ErrorLog", "Utilities.ErrorLog\Utilities.ErrorLog.csproj", "{B37509C6-47D0-41BA-BC09-DED0D93FD721}"
EndProject
Project("{FAE04EC0-301F-11D3-BF4B-00C04F79EFBC}") = "Utilities.Export", "Utilities.Export\Utilities.Export.csproj", "{78FAC066-D639-481D-A286-A2819CFA3F65}"
EndProject
Project("{FAE04EC0-301F-11D3-BF4B-00C04F79EFBC}") = "Utilities.FileSystem", "Utilities.FileSystem\Utilities.FileSystem.csproj", "{BBC50F7E-E796-4F96-9906-3C5919BE92F3}"
EndProject
Project("{FAE04EC0-301F-11D3-BF4B-00C04F79EFBC}") = "Utilities.Helper", "Utilities.Helper\Utilities.Helper.csproj", "{FDA6780B-4E2F-44E0-ACEC-D4CA6EC1A76E}"
EndProject
Project("{2150E333-8FDC-42A3-9474-1A3956D46DE8}") = "Domain Layer", "Domain Layer", "{4DB40AF8-D208-402A-A119-FA687FC4CEA7}"
EndProject
Project("{FAE04EC0-301F-11D3-BF4B-00C04F79EFBC}") = "OnlineTestApp.Domain", "OnlineTestApp.Domain\OnlineTestApp.Domain.csproj", "{0F0A4BE7-8D08-449C-AB52-2E51584BC6CB}"
EndProject
Project("{FAE04EC0-301F-11D3-BF4B-00C04F79EFBC}") = "OnlineTestApp.DomainLogic", "OnlineTestApp.DomainLogic\OnlineTestApp.DomainLogic.csproj", "{DDC238FB-4D98-4E89-BBE7-E9824D0C4CC4}"
EndProject
Project("{FAE04EC0-301F-11D3-BF4B-00C04F79EFBC}") = "OnlineTestApp.ViewModel", "OnlineTestApp.ViewModel\OnlineTestApp.ViewModel.csproj", "{04ABCAED-84FC-4477-8D04-0729AB1A2D57}"
EndProject
Project("{FAE04EC0-301F-11D3-BF4B-00C04F79EFBC}") = "OnlineTestApp.UserVariables", "OnlineTestApp.UserVariables\OnlineTestApp.UserVariables.csproj", "{CD8EB6C5-8107-4EC8-956F-1C817DC2D585}"
EndProject
Project("{2150E333-8FDC-42A3-9474-1A3956D46DE8}") = "Data Access Layer", "Data Access Layer", "{B61B4196-92E5-4F07-BA76-A7B3DF21BFEB}"
EndProject
Project("{FAE04EC0-301F-11D3-BF4B-00C04F79EFBC}") = "OnlineTestApp.DataAccess", "OnLineTestApp.DataAccess\OnlineTestApp.DataAccess.csproj", "{8E310A58-CE49-4175-9451-EAA537C7549F}"
EndProject
Project("{FAE04EC0-301F-11D3-BF4B-00C04F79EFBC}") = "OnlineTestApp.Settings", "OnlineTestApp.Settings\OnlineTestApp.Settings.csproj", "{EEE94B8F-B218-4D2C-9F95-D0A51F9B1F9F}"
EndProject
Project("{FAE04EC0-301F-11D3-BF4B-00C04F79EFBC}") = "OnlineTestApp.Enums", "OnlineTestApp.Enums\OnlineTestApp.Enums.csproj", "{70386B26-6AAC-4653-BEBA-81A68F611353}"
EndProject
Project("{FAE04EC0-301F-11D3-BF4B-00C04F79EFBC}") = "Company.OnlineTestApp.UI", "Company.OnlineTestApp.UI\Company.OnlineTestApp.UI.csproj", "{ADC68D53-0A63-4E91-BA27-536F597D45C9}"
EndProject
Global
	GlobalSection(SolutionConfigurationPlatforms) = preSolution
		Debug|Any CPU = Debug|Any CPU
		Release|Any CPU = Release|Any CPU
	EndGlobalSection
	GlobalSection(ProjectConfigurationPlatforms) = postSolution
		{9B12DCC8-EB05-4054-B58B-839B5B4D7EE9}.Debug|Any CPU.ActiveCfg = Debug|Any CPU
		{9B12DCC8-EB05-4054-B58B-839B5B4D7EE9}.Debug|Any CPU.Build.0 = Debug|Any CPU
		{9B12DCC8-EB05-4054-B58B-839B5B4D7EE9}.Release|Any CPU.ActiveCfg = Release|Any CPU
		{9B12DCC8-EB05-4054-B58B-839B5B4D7EE9}.Release|Any CPU.Build.0 = Release|Any CPU
		{67F4D2F5-B9DB-4F6B-B03F-FD389C116F15}.Debug|Any CPU.ActiveCfg = Debug|Any CPU
		{67F4D2F5-B9DB-4F6B-B03F-FD389C116F15}.Debug|Any CPU.Build.0 = Debug|Any CPU
		{67F4D2F5-B9DB-4F6B-B03F-FD389C116F15}.Release|Any CPU.ActiveCfg = Release|Any CPU
		{67F4D2F5-B9DB-4F6B-B03F-FD389C116F15}.Release|Any CPU.Build.0 = Release|Any CPU
		{6C2BDE55-09F8-49F8-AA32-6AD4F38218B3}.Debug|Any CPU.ActiveCfg = Debug|Any CPU
		{6C2BDE55-09F8-49F8-AA32-6AD4F38218B3}.Debug|Any CPU.Build.0 = Debug|Any CPU
		{6C2BDE55-09F8-49F8-AA32-6AD4F38218B3}.Release|Any CPU.ActiveCfg = Release|Any CPU
		{6C2BDE55-09F8-49F8-AA32-6AD4F38218B3}.Release|Any CPU.Build.0 = Release|Any CPU
		{9C39781E-7601-4E58-BFEE-2EB4C74011B0}.Debug|Any CPU.ActiveCfg = Debug|Any CPU
		{9C39781E-7601-4E58-BFEE-2EB4C74011B0}.Debug|Any CPU.Build.0 = Debug|Any CPU
		{9C39781E-7601-4E58-BFEE-2EB4C74011B0}.Release|Any CPU.ActiveCfg = Release|Any CPU
		{9C39781E-7601-4E58-BFEE-2EB4C74011B0}.Release|Any CPU.Build.0 = Release|Any CPU
		{B37509C6-47D0-41BA-BC09-DED0D93FD721}.Debug|Any CPU.ActiveCfg = Debug|Any CPU
		{B37509C6-47D0-41BA-BC09-DED0D93FD721}.Debug|Any CPU.Build.0 = Debug|Any CPU
		{B37509C6-47D0-41BA-BC09-DED0D93FD721}.Release|Any CPU.ActiveCfg = Release|Any CPU
		{B37509C6-47D0-41BA-BC09-DED0D93FD721}.Release|Any CPU.Build.0 = Release|Any CPU
		{78FAC066-D639-481D-A286-A2819CFA3F65}.Debug|Any CPU.ActiveCfg = Debug|Any CPU
		{78FAC066-D639-481D-A286-A2819CFA3F65}.Debug|Any CPU.Build.0 = Debug|Any CPU
		{78FAC066-D639-481D-A286-A2819CFA3F65}.Release|Any CPU.ActiveCfg = Release|Any CPU
		{78FAC066-D639-481D-A286-A2819CFA3F65}.Release|Any CPU.Build.0 = Release|Any CPU
		{BBC50F7E-E796-4F96-9906-3C5919BE92F3}.Debug|Any CPU.ActiveCfg = Debug|Any CPU
		{BBC50F7E-E796-4F96-9906-3C5919BE92F3}.Debug|Any CPU.Build.0 = Debug|Any CPU
		{BBC50F7E-E796-4F96-9906-3C5919BE92F3}.Release|Any CPU.ActiveCfg = Release|Any CPU
		{BBC50F7E-E796-4F96-9906-3C5919BE92F3}.Release|Any CPU.Build.0 = Release|Any CPU
		{FDA6780B-4E2F-44E0-ACEC-D4CA6EC1A76E}.Debug|Any CPU.ActiveCfg = Debug|Any CPU
		{FDA6780B-4E2F-44E0-ACEC-D4CA6EC1A76E}.Debug|Any CPU.Build.0 = Debug|Any CPU
		{FDA6780B-4E2F-44E0-ACEC-D4CA6EC1A76E}.Release|Any CPU.ActiveCfg = Release|Any CPU
		{FDA6780B-4E2F-44E0-ACEC-D4CA6EC1A76E}.Release|Any CPU.Build.0 = Release|Any CPU
		{0F0A4BE7-8D08-449C-AB52-2E51584BC6CB}.Debug|Any CPU.ActiveCfg = Debug|Any CPU
		{0F0A4BE7-8D08-449C-AB52-2E51584BC6CB}.Debug|Any CPU.Build.0 = Debug|Any CPU
		{0F0A4BE7-8D08-449C-AB52-2E51584BC6CB}.Release|Any CPU.ActiveCfg = Release|Any CPU
		{0F0A4BE7-8D08-449C-AB52-2E51584BC6CB}.Release|Any CPU.Build.0 = Release|Any CPU
		{DDC238FB-4D98-4E89-BBE7-E9824D0C4CC4}.Debug|Any CPU.ActiveCfg = Debug|Any CPU
		{DDC238FB-4D98-4E89-BBE7-E9824D0C4CC4}.Debug|Any CPU.Build.0 = Debug|Any CPU
		{DDC238FB-4D98-4E89-BBE7-E9824D0C4CC4}.Release|Any CPU.ActiveCfg = Release|Any CPU
		{DDC238FB-4D98-4E89-BBE7-E9824D0C4CC4}.Release|Any CPU.Build.0 = Release|Any CPU
		{04ABCAED-84FC-4477-8D04-0729AB1A2D57}.Debug|Any CPU.ActiveCfg = Debug|Any CPU
		{04ABCAED-84FC-4477-8D04-0729AB1A2D57}.Debug|Any CPU.Build.0 = Debug|Any CPU
		{04ABCAED-84FC-4477-8D04-0729AB1A2D57}.Release|Any CPU.ActiveCfg = Release|Any CPU
		{04ABCAED-84FC-4477-8D04-0729AB1A2D57}.Release|Any CPU.Build.0 = Release|Any CPU
		{CD8EB6C5-8107-4EC8-956F-1C817DC2D585}.Debug|Any CPU.ActiveCfg = Debug|Any CPU
		{CD8EB6C5-8107-4EC8-956F-1C817DC2D585}.Debug|Any CPU.Build.0 = Debug|Any CPU
		{CD8EB6C5-8107-4EC8-956F-1C817DC2D585}.Release|Any CPU.ActiveCfg = Release|Any CPU
		{CD8EB6C5-8107-4EC8-956F-1C817DC2D585}.Release|Any CPU.Build.0 = Release|Any CPU
		{8E310A58-CE49-4175-9451-EAA537C7549F}.Debug|Any CPU.ActiveCfg = Debug|Any CPU
		{8E310A58-CE49-4175-9451-EAA537C7549F}.Debug|Any CPU.Build.0 = Debug|Any CPU
		{8E310A58-CE49-4175-9451-EAA537C7549F}.Release|Any CPU.ActiveCfg = Release|Any CPU
		{8E310A58-CE49-4175-9451-EAA537C7549F}.Release|Any CPU.Build.0 = Release|Any CPU
		{EEE94B8F-B218-4D2C-9F95-D0A51F9B1F9F}.Debug|Any CPU.ActiveCfg = Debug|Any CPU
		{EEE94B8F-B218-4D2C-9F95-D0A51F9B1F9F}.Debug|Any CPU.Build.0 = Debug|Any CPU
		{EEE94B8F-B218-4D2C-9F95-D0A51F9B1F9F}.Release|Any CPU.ActiveCfg = Release|Any CPU
		{EEE94B8F-B218-4D2C-9F95-D0A51F9B1F9F}.Release|Any CPU.Build.0 = Release|Any CPU
		{70386B26-6AAC-4653-BEBA-81A68F611353}.Debug|Any CPU.ActiveCfg = Debug|Any CPU
		{70386B26-6AAC-4653-BEBA-81A68F611353}.Debug|Any CPU.Build.0 = Debug|Any CPU
		{70386B26-6AAC-4653-BEBA-81A68F611353}.Release|Any CPU.ActiveCfg = Release|Any CPU
		{70386B26-6AAC-4653-BEBA-81A68F611353}.Release|Any CPU.Build.0 = Release|Any CPU
		{ADC68D53-0A63-4E91-BA27-536F597D45C9}.Debug|Any CPU.ActiveCfg = Debug|Any CPU
		{ADC68D53-0A63-4E91-BA27-536F597D45C9}.Debug|Any CPU.Build.0 = Debug|Any CPU
		{ADC68D53-0A63-4E91-BA27-536F597D45C9}.Release|Any CPU.ActiveCfg = Release|Any CPU
		{ADC68D53-0A63-4E91-BA27-536F597D45C9}.Release|Any CPU.Build.0 = Release|Any CPU
	EndGlobalSection
	GlobalSection(SolutionProperties) = preSolution
		HideSolutionNode = FALSE
	EndGlobalSection
	GlobalSection(NestedProjects) = preSolution
		{9B12DCC8-EB05-4054-B58B-839B5B4D7EE9} = {80F80928-F080-4597-AFFE-3C4BD80AD497}
		{67F4D2F5-B9DB-4F6B-B03F-FD389C116F15} = {C5217CD4-9395-4919-9A0B-611B33B25732}
		{6C2BDE55-09F8-49F8-AA32-6AD4F38218B3} = {C5217CD4-9395-4919-9A0B-611B33B25732}
		{9C39781E-7601-4E58-BFEE-2EB4C74011B0} = {C5217CD4-9395-4919-9A0B-611B33B25732}
		{B37509C6-47D0-41BA-BC09-DED0D93FD721} = {C5217CD4-9395-4919-9A0B-611B33B25732}
		{78FAC066-D639-481D-A286-A2819CFA3F65} = {C5217CD4-9395-4919-9A0B-611B33B25732}
		{BBC50F7E-E796-4F96-9906-3C5919BE92F3} = {C5217CD4-9395-4919-9A0B-611B33B25732}
		{FDA6780B-4E2F-44E0-ACEC-D4CA6EC1A76E} = {C5217CD4-9395-4919-9A0B-611B33B25732}
		{0F0A4BE7-8D08-449C-AB52-2E51584BC6CB} = {4DB40AF8-D208-402A-A119-FA687FC4CEA7}
		{DDC238FB-4D98-4E89-BBE7-E9824D0C4CC4} = {4DB40AF8-D208-402A-A119-FA687FC4CEA7}
		{04ABCAED-84FC-4477-8D04-0729AB1A2D57} = {4DB40AF8-D208-402A-A119-FA687FC4CEA7}
		{CD8EB6C5-8107-4EC8-956F-1C817DC2D585} = {4DB40AF8-D208-402A-A119-FA687FC4CEA7}
		{8E310A58-CE49-4175-9451-EAA537C7549F} = {B61B4196-92E5-4F07-BA76-A7B3DF21BFEB}
		{EEE94B8F-B218-4D2C-9F95-D0A51F9B1F9F} = {4DB40AF8-D208-402A-A119-FA687FC4CEA7}
		{70386B26-6AAC-4653-BEBA-81A68F611353} = {4DB40AF8-D208-402A-A119-FA687FC4CEA7}
		{ADC68D53-0A63-4E91-BA27-536F597D45C9} = {80F80928-F080-4597-AFFE-3C4BD80AD497}
	EndGlobalSection
	GlobalSection(ExtensibilityGlobals) = postSolution
		SolutionGuid = {650C92B7-D009-4D61-B840-29E47AA70697}
	EndGlobalSection
EndGlobal
